// !$*UTF8*$!
{
	archiveVersion = 1;
	classes = {
	};
	objectVersion = 56;
	objects = {

/* Begin PBXBuildFile section */
		AE0695DC2A31FC2500766FF9 /* PlacesDetailViewController.swift in Sources */ = {isa = PBXBuildFile; fileRef = AE0695DB2A31FC2500766FF9 /* PlacesDetailViewController.swift */; };
		AE0695DE2A32091900766FF9 /* String+Extensions.swift in Sources */ = {isa = PBXBuildFile; fileRef = AE0695DD2A32091900766FF9 /* String+Extensions.swift */; };
		AE0CCB2E2A3088BB00788E47 /* AppDelegate.swift in Sources */ = {isa = PBXBuildFile; fileRef = AE0CCB2D2A3088BB00788E47 /* AppDelegate.swift */; };
		AE0CCB302A3088BB00788E47 /* SceneDelegate.swift in Sources */ = {isa = PBXBuildFile; fileRef = AE0CCB2F2A3088BB00788E47 /* SceneDelegate.swift */; };
		AE0CCB322A3088BB00788E47 /* ViewController.swift in Sources */ = {isa = PBXBuildFile; fileRef = AE0CCB312A3088BB00788E47 /* ViewController.swift */; };
		AE0CCB372A3088BC00788E47 /* Assets.xcassets in Resources */ = {isa = PBXBuildFile; fileRef = AE0CCB362A3088BC00788E47 /* Assets.xcassets */; };
		AE0CCB3A2A3088BC00788E47 /* LaunchScreen.storyboard in Resources */ = {isa = PBXBuildFile; fileRef = AE0CCB382A3088BC00788E47 /* LaunchScreen.storyboard */; };
		AE0CCB432A309E3100788E47 /* PlaceAnnotation.swift in Sources */ = {isa = PBXBuildFile; fileRef = AE0CCB422A309E3100788E47 /* PlaceAnnotation.swift */; };
		AE0CCB462A30A38F00788E47 /* CLLocation+Extension.swift in Sources */ = {isa = PBXBuildFile; fileRef = AE0CCB452A30A38F00788E47 /* CLLocation+Extension.swift */; };
		AE0CCB492A30A95F00788E47 /* PlacesTableViewController.swift in Sources */ = {isa = PBXBuildFile; fileRef = AE0CCB482A30A95F00788E47 /* PlacesTableViewController.swift */; };
/* End PBXBuildFile section */

/* Begin PBXFileReference section */
		AE0695DB2A31FC2500766FF9 /* PlacesDetailViewController.swift */ = {isa = PBXFileReference; lastKnownFileType = sourcecode.swift; path = PlacesDetailViewController.swift; sourceTree = "<group>"; };
		AE0695DD2A32091900766FF9 /* String+Extensions.swift */ = {isa = PBXFileReference; lastKnownFileType = sourcecode.swift; path = "String+Extensions.swift"; sourceTree = "<group>"; };
		AE0CCB2A2A3088BB00788E47 /* NearMe.app */ = {isa = PBXFileReference; explicitFileType = wrapper.application; includeInIndex = 0; path = NearMe.app; sourceTree = BUILT_PRODUCTS_DIR; };
		AE0CCB2D2A3088BB00788E47 /* AppDelegate.swift */ = {isa = PBXFileReference; lastKnownFileType = sourcecode.swift; path = AppDelegate.swift; sourceTree = "<group>"; };
		AE0CCB2F2A3088BB00788E47 /* SceneDelegate.swift */ = {isa = PBXFileReference; lastKnownFileType = sourcecode.swift; path = SceneDelegate.swift; sourceTree = "<group>"; };
		AE0CCB312A3088BB00788E47 /* ViewController.swift */ = {isa = PBXFileReference; lastKnownFileType = sourcecode.swift; path = ViewController.swift; sourceTree = "<group>"; };
		AE0CCB362A3088BC00788E47 /* Assets.xcassets */ = {isa = PBXFileReference; lastKnownFileType = folder.assetcatalog; path = Assets.xcassets; sourceTree = "<group>"; };
		AE0CCB392A3088BC00788E47 /* Base */ = {isa = PBXFileReference; lastKnownFileType = file.storyboard; name = Base; path = Base.lproj/LaunchScreen.storyboard; sourceTree = "<group>"; };
		AE0CCB3B2A3088BC00788E47 /* Info.plist */ = {isa = PBXFileReference; lastKnownFileType = text.plist.xml; path = Info.plist; sourceTree = "<group>"; };
		AE0CCB422A309E3100788E47 /* PlaceAnnotation.swift */ = {isa = PBXFileReference; lastKnownFileType = sourcecode.swift; path = PlaceAnnotation.swift; sourceTree = "<group>"; };
		AE0CCB452A30A38F00788E47 /* CLLocation+Extension.swift */ = {isa = PBXFileReference; lastKnownFileType = sourcecode.swift; path = "CLLocation+Extension.swift"; sourceTree = "<group>"; };
		AE0CCB482A30A95F00788E47 /* PlacesTableViewController.swift */ = {isa = PBXFileReference; lastKnownFileType = sourcecode.swift; path = PlacesTableViewController.swift; sourceTree = "<group>"; xcLanguageSpecificationIdentifier = xcode.lang.swift; };
/* End PBXFileReference section */

/* Begin PBXFrameworksBuildPhase section */
		AE0CCB272A3088BB00788E47 /* Frameworks */ = {
			isa = PBXFrameworksBuildPhase;
			buildActionMask = 2147483647;
			files = (
			);
			runOnlyForDeploymentPostprocessing = 0;
		};
/* End PBXFrameworksBuildPhase section */

/* Begin PBXGroup section */
		AE0CCB212A3088BB00788E47 = {
			isa = PBXGroup;
			children = (
				AE0CCB2C2A3088BB00788E47 /* NearMe */,
				AE0CCB2B2A3088BB00788E47 /* Products */,
			);
			sourceTree = "<group>";
		};
		AE0CCB2B2A3088BB00788E47 /* Products */ = {
			isa = PBXGroup;
			children = (
				AE0CCB2A2A3088BB00788E47 /* NearMe.app */,
			);
			name = Products;
			sourceTree = "<group>";
		};
		AE0CCB2C2A3088BB00788E47 /* NearMe */ = {
			isa = PBXGroup;
			children = (
				AE0CCB472A30A94800788E47 /* Controllers */,
				AE0CCB442A30A36400788E47 /* Extensions */,
				AE0CCB412A309E1800788E47 /* Annotations */,
				AE0CCB2D2A3088BB00788E47 /* AppDelegate.swift */,
				AE0CCB2F2A3088BB00788E47 /* SceneDelegate.swift */,
				AE0CCB312A3088BB00788E47 /* ViewController.swift */,
				AE0CCB362A3088BC00788E47 /* Assets.xcassets */,
				AE0CCB382A3088BC00788E47 /* LaunchScreen.storyboard */,
				AE0CCB3B2A3088BC00788E47 /* Info.plist */,
			);
			path = NearMe;
			sourceTree = "<group>";
		};
		AE0CCB412A309E1800788E47 /* Annotations */ = {
			isa = PBXGroup;
			children = (
				AE0CCB422A309E3100788E47 /* PlaceAnnotation.swift */,
			);
			path = Annotations;
			sourceTree = "<group>";
		};
		AE0CCB442A30A36400788E47 /* Extensions */ = {
			isa = PBXGroup;
			children = (
				AE0CCB452A30A38F00788E47 /* CLLocation+Extension.swift */,
				AE0695DD2A32091900766FF9 /* String+Extensions.swift */,
			);
			path = Extensions;
			sourceTree = "<group>";
		};
		AE0CCB472A30A94800788E47 /* Controllers */ = {
			isa = PBXGroup;
			children = (
				AE0CCB482A30A95F00788E47 /* PlacesTableViewController.swift */,
				AE0695DB2A31FC2500766FF9 /* PlacesDetailViewController.swift */,
			);
			path = Controllers;
			sourceTree = "<group>";
		};
/* End PBXGroup section */

/* Begin PBXNativeTarget section */
		AE0CCB292A3088BB00788E47 /* NearMe */ = {
			isa = PBXNativeTarget;
			buildConfigurationList = AE0CCB3E2A3088BC00788E47 /* Build configuration list for PBXNativeTarget "NearMe" */;
			buildPhases = (
				AE0CCB262A3088BB00788E47 /* Sources */,
				AE0CCB272A3088BB00788E47 /* Frameworks */,
				AE0CCB282A3088BB00788E47 /* Resources */,
			);
			buildRules = (
			);
			dependencies = (
			);
			name = NearMe;
			productName = NearMe;
			productReference = AE0CCB2A2A3088BB00788E47 /* NearMe.app */;
			productType = "com.apple.product-type.application";
		};
/* End PBXNativeTarget section */

/* Begin PBXProject section */
		AE0CCB222A3088BB00788E47 /* Project object */ = {
			isa = PBXProject;
			attributes = {
				BuildIndependentTargetsInParallel = 1;
				LastSwiftUpdateCheck = 1430;
				LastUpgradeCheck = 1500;
				TargetAttributes = {
					AE0CCB292A3088BB00788E47 = {
						CreatedOnToolsVersion = 14.3;
					};
				};
			};
			buildConfigurationList = AE0CCB252A3088BB00788E47 /* Build configuration list for PBXProject "NearMe" */;
			compatibilityVersion = "Xcode 14.0";
			developmentRegion = en;
			hasScannedForEncodings = 0;
			knownRegions = (
				en,
				Base,
			);
			mainGroup = AE0CCB212A3088BB00788E47;
			productRefGroup = AE0CCB2B2A3088BB00788E47 /* Products */;
			projectDirPath = "";
			projectRoot = "";
			targets = (
				AE0CCB292A3088BB00788E47 /* NearMe */,
			);
		};
/* End PBXProject section */

/* Begin PBXResourcesBuildPhase section */
		AE0CCB282A3088BB00788E47 /* Resources */ = {
			isa = PBXResourcesBuildPhase;
			buildActionMask = 2147483647;
			files = (
				AE0CCB3A2A3088BC00788E47 /* LaunchScreen.storyboard in Resources */,
				AE0CCB372A3088BC00788E47 /* Assets.xcassets in Resources */,
			);
			runOnlyForDeploymentPostprocessing = 0;
		};
/* End PBXResourcesBuildPhase section */

/* Begin PBXSourcesBuildPhase section */
		AE0CCB262A3088BB00788E47 /* Sources */ = {
			isa = PBXSourcesBuildPhase;
			buildActionMask = 2147483647;
			files = (
				AE0CCB432A309E3100788E47 /* PlaceAnnotation.swift in Sources */,
				AE0CCB322A3088BB00788E47 /* ViewController.swift in Sources */,
				AE0CCB2E2A3088BB00788E47 /* AppDelegate.swift in Sources */,
				AE0CCB302A3088BB00788E47 /* SceneDelegate.swift in Sources */,
				AE0695DE2A32091900766FF9 /* String+Extensions.swift in Sources */,
				AE0CCB462A30A38F00788E47 /* CLLocation+Extension.swift in Sources */,
				AE0CCB492A30A95F00788E47 /* PlacesTableViewController.swift in Sources */,
				AE0695DC2A31FC2500766FF9 /* PlacesDetailViewController.swift in Sources */,
			);
			runOnlyForDeploymentPostprocessing = 0;
		};
/* End PBXSourcesBuildPhase section */

/* Begin PBXVariantGroup section */
		AE0CCB382A3088BC00788E47 /* LaunchScreen.storyboard */ = {
			isa = PBXVariantGroup;
			children = (
				AE0CCB392A3088BC00788E47 /* Base */,
			);
			name = LaunchScreen.storyboard;
			sourceTree = "<group>";
		};
/* End PBXVariantGroup section */

/* Begin XCBuildConfiguration section */
		AE0CCB3C2A3088BC00788E47 /* Debug */ = {
			isa = XCBuildConfiguration;
			buildSettings = {
				ALWAYS_SEARCH_USER_PATHS = NO;
				CLANG_ANALYZER_NONNULL = YES;
				CLANG_ANALYZER_NUMBER_OBJECT_CONVERSION = YES_AGGRESSIVE;
				CLANG_CXX_LANGUAGE_STANDARD = "gnu++20";
				CLANG_ENABLE_MODULES = YES;
				CLANG_ENABLE_OBJC_ARC = YES;
				CLANG_ENABLE_OBJC_WEAK = YES;
				CLANG_WARN_BLOCK_CAPTURE_AUTORELEASING = YES;
				CLANG_WARN_BOOL_CONVERSION = YES;
				CLANG_WARN_COMMA = YES;
				CLANG_WARN_CONSTANT_CONVERSION = YES;
				CLANG_WARN_DEPRECATED_OBJC_IMPLEMENTATIONS = YES;
				CLANG_WARN_DIRECT_OBJC_ISA_USAGE = YES_ERROR;
				CLANG_WARN_DOCUMENTATION_COMMENTS = YES;
				CLANG_WARN_EMPTY_BODY = YES;
				CLANG_WARN_ENUM_CONVERSION = YES;
				CLANG_WARN_INFINITE_RECURSION = YES;
				CLANG_WARN_INT_CONVERSION = YES;
				CLANG_WARN_NON_LITERAL_NULL_CONVERSION = YES;
				CLANG_WARN_OBJC_IMPLICIT_RETAIN_SELF = YES;
				CLANG_WARN_OBJC_LITERAL_CONVERSION = YES;
				CLANG_WARN_OBJC_ROOT_CLASS = YES_ERROR;
				CLANG_WARN_QUOTED_INCLUDE_IN_FRAMEWORK_HEADER = YES;
				CLANG_WARN_RANGE_LOOP_ANALYSIS = YES;
				CLANG_WARN_STRICT_PROTOTYPES = YES;
				CLANG_WARN_SUSPICIOUS_MOVE = YES;
				CLANG_WARN_UNGUARDED_AVAILABILITY = YES_AGGRESSIVE;
				CLANG_WARN_UNREACHABLE_CODE = YES;
				CLANG_WARN__DUPLICATE_METHOD_MATCH = YES;
				COPY_PHASE_STRIP = NO;
				DEBUG_INFORMATION_FORMAT = dwarf;
				ENABLE_STRICT_OBJC_MSGSEND = YES;
				ENABLE_TESTABILITY = YES;
				ENABLE_USER_SCRIPT_SANDBOXING = YES;
				GCC_C_LANGUAGE_STANDARD = gnu11;
				GCC_DYNAMIC_NO_PIC = NO;
				GCC_NO_COMMON_BLOCKS = YES;
				GCC_OPTIMIZATION_LEVEL = 0;
				GCC_PREPROCESSOR_DEFINITIONS = (
					"DEBUG=1",
					"$(inherited)",
				);
				GCC_WARN_64_TO_32_BIT_CONVERSION = YES;
				GCC_WARN_ABOUT_RETURN_TYPE = YES_ERROR;
				GCC_WARN_UNDECLARED_SELECTOR = YES;
				GCC_WARN_UNINITIALIZED_AUTOS = YES_AGGRESSIVE;
				GCC_WARN_UNUSED_FUNCTION = YES;
				GCC_WARN_UNUSED_VARIABLE = YES;
				IPHONEOS_DEPLOYMENT_TARGET = 17.0;
				MTL_ENABLE_DEBUG_INFO = INCLUDE_SOURCE;
				MTL_FAST_MATH = YES;
				ONLY_ACTIVE_ARCH = YES;
				SDKROOT = iphoneos;
				SWIFT_ACTIVE_COMPILATION_CONDITIONS = DEBUG;
				SWIFT_OPTIMIZATION_LEVEL = "-Onone";
			};
			name = Debug;
		};
		AE0CCB3D2A3088BC00788E47 /* Release */ = {
			isa = XCBuildConfiguration;
			buildSettings = {
				ALWAYS_SEARCH_USER_PATHS = NO;
				CLANG_ANALYZER_NONNULL = YES;
				CLANG_ANALYZER_NUMBER_OBJECT_CONVERSION = YES_AGGRESSIVE;
				CLANG_CXX_LANGUAGE_STANDARD = "gnu++20";
				CLANG_ENABLE_MODULES = YES;
				CLANG_ENABLE_OBJC_ARC = YES;
				CLANG_ENABLE_OBJC_WEAK = YES;
				CLANG_WARN_BLOCK_CAPTURE_AUTORELEASING = YES;
				CLANG_WARN_BOOL_CONVERSION = YES;
				CLANG_WARN_COMMA = YES;
				CLANG_WARN_CONSTANT_CONVERSION = YES;
				CLANG_WARN_DEPRECATED_OBJC_IMPLEMENTATIONS = YES;
				CLANG_WARN_DIRECT_OBJC_ISA_USAGE = YES_ERROR;
				CLANG_WARN_DOCUMENTATION_COMMENTS = YES;
				CLANG_WARN_EMPTY_BODY = YES;
				CLANG_WARN_ENUM_CONVERSION = YES;
				CLANG_WARN_INFINITE_RECURSION = YES;
				CLANG_WARN_INT_CONVERSION = YES;
				CLANG_WARN_NON_LITERAL_NULL_CONVERSION = YES;
				CLANG_WARN_OBJC_IMPLICIT_RETAIN_SELF = YES;
				CLANG_WARN_OBJC_LITERAL_CONVERSION = YES;
				CLANG_WARN_OBJC_ROOT_CLASS = YES_ERROR;
				CLANG_WARN_QUOTED_INCLUDE_IN_FRAMEWORK_HEADER = YES;
				CLANG_WARN_RANGE_LOOP_ANALYSIS = YES;
				CLANG_WARN_STRICT_PROTOTYPES = YES;
				CLANG_WARN_SUSPICIOUS_MOVE = YES;
				CLANG_WARN_UNGUARDED_AVAILABILITY = YES_AGGRESSIVE;
				CLANG_WARN_UNREACHABLE_CODE = YES;
				CLANG_WARN__DUPLICATE_METHOD_MATCH = YES;
				COPY_PHASE_STRIP = NO;
				DEBUG_INFORMATION_FORMAT = "dwarf-with-dsym";
				ENABLE_NS_ASSERTIONS = NO;
				ENABLE_STRICT_OBJC_MSGSEND = YES;
				ENABLE_USER_SCRIPT_SANDBOXING = YES;
				GCC_C_LANGUAGE_STANDARD = gnu11;
				GCC_NO_COMMON_BLOCKS = YES;
				GCC_WARN_64_TO_32_BIT_CONVERSION = YES;
				GCC_WARN_ABOUT_RETURN_TYPE = YES_ERROR;
				GCC_WARN_UNDECLARED_SELECTOR = YES;
				GCC_WARN_UNINITIALIZED_AUTOS = YES_AGGRESSIVE;
				GCC_WARN_UNUSED_FUNCTION = YES;
				GCC_WARN_UNUSED_VARIABLE = YES;
				IPHONEOS_DEPLOYMENT_TARGET = 17.0;
				MTL_ENABLE_DEBUG_INFO = NO;
				MTL_FAST_MATH = YES;
				SDKROOT = iphoneos;
				SWIFT_COMPILATION_MODE = wholemodule;
				SWIFT_OPTIMIZATION_LEVEL = "-O";
				VALIDATE_PRODUCT = YES;
			};
			name = Release;
		};
		AE0CCB3F2A3088BC00788E47 /* Debug */ = {
			isa = XCBuildConfiguration;
			buildSettings = {
				ASSETCATALOG_COMPILER_APPICON_NAME = AppIcon;
				ASSETCATALOG_COMPILER_GLOBAL_ACCENT_COLOR_NAME = AccentColor;
				CODE_SIGN_STYLE = Automatic;
				CURRENT_PROJECT_VERSION = 1;
				DEVELOPMENT_TEAM = 47239J68X3;
				GENERATE_INFOPLIST_FILE = YES;
				INFOPLIST_FILE = NearMe/Info.plist;
				INFOPLIST_KEY_NSLocationAlwaysAndWhenInUseUsageDescription = "";
				INFOPLIST_KEY_NSLocationWhenInUseUsageDescription = "NearMe requires location so it can offer nearby points of interests.";
				INFOPLIST_KEY_UIApplicationSupportsIndirectInputEvents = YES;
				INFOPLIST_KEY_UILaunchStoryboardName = LaunchScreen;
				INFOPLIST_KEY_UISupportedInterfaceOrientations_iPad = "UIInterfaceOrientationPortrait UIInterfaceOrientationPortraitUpsideDown UIInterfaceOrientationLandscapeLeft UIInterfaceOrientationLandscapeRight";
				INFOPLIST_KEY_UISupportedInterfaceOrientations_iPhone = "UIInterfaceOrientationPortrait UIInterfaceOrientationLandscapeLeft UIInterfaceOrientationLandscapeRight";
				LD_RUNPATH_SEARCH_PATHS = (
					"$(inherited)",
					"@executable_path/Frameworks",
				);
				MARKETING_VERSION = 1.0;
				PRODUCT_BUNDLE_IDENTIFIER = com.omerfarukercivan.NearMe;
				PRODUCT_NAME = "$(TARGET_NAME)";
				SWIFT_EMIT_LOC_STRINGS = YES;
				SWIFT_VERSION = 5.0;
				TARGETED_DEVICE_FAMILY = "1,2";
			};
			name = Debug;
		};
		AE0CCB402A3088BC00788E47 /* Release */ = {
			isa = XCBuildConfiguration;
			buildSettings = {
				ASSETCATALOG_COMPILER_APPICON_NAME = AppIcon;
				ASSETCATALOG_COMPILER_GLOBAL_ACCENT_COLOR_NAME = AccentColor;
				CODE_SIGN_STYLE = Automatic;
				CURRENT_PROJECT_VERSION = 1;
				DEVELOPMENT_TEAM = 47239J68X3;
				GENERATE_INFOPLIST_FILE = YES;
				INFOPLIST_FILE = NearMe/Info.plist;
				INFOPLIST_KEY_NSLocationAlwaysAndWhenInUseUsageDescription = "";
				INFOPLIST_KEY_NSLocationWhenInUseUsageDescription = "NearMe requires location so it can offer nearby points of interests.";
				INFOPLIST_KEY_UIApplicationSupportsIndirectInputEvents = YES;
				INFOPLIST_KEY_UILaunchStoryboardName = LaunchScreen;
				INFOPLIST_KEY_UISupportedInterfaceOrientations_iPad = "UIInterfaceOrientationPortrait UIInterfaceOrientationPortraitUpsideDown UIInterfaceOrientationLandscapeLeft UIInterfaceOrientationLandscapeRight";
				INFOPLIST_KEY_UISupportedInterfaceOrientations_iPhone = "UIInterfaceOrientationPortrait UIInterfaceOrientationLandscapeLeft UIInterfaceOrientationLandscapeRight";
				LD_RUNPATH_SEARCH_PATHS = (
					"$(inherited)",
					"@executable_path/Frameworks",
				);
				MARKETING_VERSION = 1.0;
				PRODUCT_BUNDLE_IDENTIFIER = com.omerfarukercivan.NearMe;
				PRODUCT_NAME = "$(TARGET_NAME)";
				SWIFT_EMIT_LOC_STRINGS = YES;
				SWIFT_VERSION = 5.0;
				TARGETED_DEVICE_FAMILY = "1,2";
			};
			name = Release;
		};
/* End XCBuildConfiguration section */

/* Begin XCConfigurationList section */
		AE0CCB252A3088BB00788E47 /* Build configuration list for PBXProject "NearMe" */ = {
			isa = XCConfigurationList;
			buildConfigurations = (
				AE0CCB3C2A3088BC00788E47 /* Debug */,
				AE0CCB3D2A3088BC00788E47 /* Release */,
			);
			defaultConfigurationIsVisible = 0;
			defaultConfigurationName = Release;
		};
		AE0CCB3E2A3088BC00788E47 /* Build configuration list for PBXNativeTarget "NearMe" */ = {
			isa = XCConfigurationList;
			buildConfigurations = (
				AE0CCB3F2A3088BC00788E47 /* Debug */,
				AE0CCB402A3088BC00788E47 /* Release */,
			);
			defaultConfigurationIsVisible = 0;
			defaultConfigurationName = Release;
		};
/* End XCConfigurationList section */
	};
	rootObject = AE0CCB222A3088BB00788E47 /* Project object */;
}
